Microsoft Visual Studio Solution File, Format Version 12.00
# Visual Studio Version 17
VisualStudioVersion = 17.5.2.0
MinimumVisualStudioVersion = 10.0.40219.1
Project("{FAE04EC0-301F-11D3-BF4B-00C04F79EFBC}") = "BinaryCRUD", "BinaryCRUD\BinaryCRUD.csproj", "{FA2A3C72-5B16-C0B0-71F3-AD52CCBC5A43}"
EndProject
Global
	GlobalSection(SolutionConfigurationPlatforms) = preSolution
		Debug|Any CPU = Debug|Any CPU
		Release|Any CPU = Release|Any CPU
	EndGlobalSection
	GlobalSection(ProjectConfigurationPlatforms) = postSolution
		{FA2A3C72-5B16-C0B0-71F3-AD52CCBC5A43}.Debug|Any CPU.ActiveCfg = Debug|Any CPU
		{FA2A3C72-5B16-C0B0-71F3-AD52CCBC5A43}.Debug|Any CPU.Build.0 = Debug|Any CPU
		{FA2A3C72-5B16-C0B0-71F3-AD52CCBC5A43}.Release|Any CPU.ActiveCfg = Release|Any CPU
		{FA2A3C72-5B16-C0B0-71F3-AD52CCBC5A43}.Release|Any CPU.Build.0 = Release|Any CPU
	EndGlobalSection
	GlobalSection(SolutionProperties) = preSolution
		HideSolutionNode = FALSE
	EndGlobalSection
	GlobalSection(ExtensibilityGlobals) = postSolution
		SolutionGuid = {6F1B8B12-ED70-48FA-B683-2EEB06B047E4}
	EndGlobalSection
EndGlobal
